// !$*UTF8*$!
{
	archiveVersion = 1;
	classes = {
	};
	objectVersion = 50;
	objects = {

/* Begin PBXBuildFile section */
		FBBC59E8237190C500DD5DFB /* main.swift in Sources */ = {isa = PBXBuildFile; fileRef = FBBC59E7237190C500DD5DFB /* main.swift */; };
		FBBC59F22371914000DD5DFB /* CalculadoraModelo.swift in Sources */ = {isa = PBXBuildFile; fileRef = FBBC59F12371914000DD5DFB /* CalculadoraModelo.swift */; };
		FBBC59F42371920200DD5DFB /* CalculadoraVista.swift in Sources */ = {isa = PBXBuildFile; fileRef = FBBC59F32371920200DD5DFB /* CalculadoraVista.swift */; };
		FBBC59F6237193BB00DD5DFB /* CalculadoraControlador.swift in Sources */ = {isa = PBXBuildFile; fileRef = FBBC59F5237193BB00DD5DFB /* CalculadoraControlador.swift */; };
/* End PBXBuildFile section */

/* Begin PBXCopyFilesBuildPhase section */
		FBBC59E2237190C500DD5DFB /* CopyFiles */ = {
			isa = PBXCopyFilesBuildPhase;
			buildActionMask = 2147483647;
			dstPath = /usr/share/man/man1/;
			dstSubfolderSpec = 0;
			files = (
			);
			runOnlyForDeploymentPostprocessing = 1;
		};
/* End PBXCopyFilesBuildPhase section */

/* Begin PBXFileReference section */
		FBBC59E4237190C500DD5DFB /* Calculadora */ = {isa = PBXFileReference; explicitFileType = "compiled.mach-o.executable"; includeInIndex = 0; path = Calculadora; sourceTree = BUILT_PRODUCTS_DIR; };
		FBBC59E7237190C500DD5DFB /* main.swift */ = {isa = PBXFileReference; lastKnownFileType = sourcecode.swift; path = main.swift; sourceTree = "<group>"; };
		FBBC59F12371914000DD5DFB /* CalculadoraModelo.swift */ = {isa = PBXFileReference; lastKnownFileType = sourcecode.swift; path = CalculadoraModelo.swift; sourceTree = "<group>"; };
		FBBC59F32371920200DD5DFB /* CalculadoraVista.swift */ = {isa = PBXFileReference; lastKnownFileType = sourcecode.swift; path = CalculadoraVista.swift; sourceTree = "<group>"; };
		FBBC59F5237193BB00DD5DFB /* CalculadoraControlador.swift */ = {isa = PBXFileReference; lastKnownFileType = sourcecode.swift; path = CalculadoraControlador.swift; sourceTree = "<group>"; };
/* End PBXFileReference section */

/* Begin PBXFrameworksBuildPhase section */
		FBBC59E1237190C500DD5DFB /* Frameworks */ = {
			isa = PBXFrameworksBuildPhase;
			buildActionMask = 2147483647;
			files = (
			);
			runOnlyForDeploymentPostprocessing = 0;
		};
/* End PBXFrameworksBuildPhase section */

/* Begin PBXGroup section */
		FBBC59DB237190C500DD5DFB = {
			isa = PBXGroup;
			children = (
				FBBC59E6237190C500DD5DFB /* Calculadora */,
				FBBC59E5237190C500DD5DFB /* Products */,
			);
			sourceTree = "<group>";
		};
		FBBC59E5237190C500DD5DFB /* Products */ = {
			isa = PBXGroup;
			children = (
				FBBC59E4237190C500DD5DFB /* Calculadora */,
			);
			name = Products;
			sourceTree = "<group>";
		};
		FBBC59E6237190C500DD5DFB /* Calculadora */ = {
			isa = PBXGroup;
			children = (
				FBBC59F02371911500DD5DFB /* Controlador */,
				FBBC59EF2371910700DD5DFB /* Vista */,
				FBBC59EE237190EA00DD5DFB /* Modelo */,
				FBBC59E7237190C500DD5DFB /* main.swift */,
			);
			path = Calculadora;
			sourceTree = "<group>";
		};
		FBBC59EE237190EA00DD5DFB /* Modelo */ = {
			isa = PBXGroup;
			children = (
				FBBC59F12371914000DD5DFB /* CalculadoraModelo.swift */,
			);
			path = Modelo;
			sourceTree = "<group>";
		};
		FBBC59EF2371910700DD5DFB /* Vista */ = {
			isa = PBXGroup;
			children = (
				FBBC59F32371920200DD5DFB /* CalculadoraVista.swift */,
			);
			path = Vista;
			sourceTree = "<group>";
		};
		FBBC59F02371911500DD5DFB /* Controlador */ = {
			isa = PBXGroup;
			children = (
				FBBC59F5237193BB00DD5DFB /* CalculadoraControlador.swift */,
			);
			path = Controlador;
			sourceTree = "<group>";
		};
/* End PBXGroup section */

/* Begin PBXNativeTarget section */
		FBBC59E3237190C500DD5DFB /* Calculadora */ = {
			isa = PBXNativeTarget;
			buildConfigurationList = FBBC59EB237190C500DD5DFB /* Build configuration list for PBXNativeTarget "Calculadora" */;
			buildPhases = (
				FBBC59E0237190C500DD5DFB /* Sources */,
				FBBC59E1237190C500DD5DFB /* Frameworks */,
				FBBC59E2237190C500DD5DFB /* CopyFiles */,
			);
			buildRules = (
			);
			dependencies = (
			);
			name = Calculadora;
			productName = Calculadora;
			productReference = FBBC59E4237190C500DD5DFB /* Calculadora */;
			productType = "com.apple.product-type.tool";
		};
/* End PBXNativeTarget section */

/* Begin PBXProject section */
		FBBC59DC237190C500DD5DFB /* Project object */ = {
			isa = PBXProject;
			attributes = {
				LastSwiftUpdateCheck = 1010;
				LastUpgradeCheck = 1010;
				ORGANIZATIONNAME = ulpgc.romero.dayron;
				TargetAttributes = {
					FBBC59E3237190C500DD5DFB = {
						CreatedOnToolsVersion = 10.1;
					};
				};
			};
			buildConfigurationList = FBBC59DF237190C500DD5DFB /* Build configuration list for PBXProject "Calculadora" */;
			compatibilityVersion = "Xcode 9.3";
			developmentRegion = en;
			hasScannedForEncodings = 0;
			knownRegions = (
				en,
			);
			mainGroup = FBBC59DB237190C500DD5DFB;
			productRefGroup = FBBC59E5237190C500DD5DFB /* Products */;
			projectDirPath = "";
			projectRoot = "";
			targets = (
				FBBC59E3237190C500DD5DFB /* Calculadora */,
			);
		};
/* End PBXProject section */

/* Begin PBXSourcesBuildPhase section */
		FBBC59E0237190C500DD5DFB /* Sources */ = {
			isa = PBXSourcesBuildPhase;
			buildActionMask = 2147483647;
			files = (
				FBBC59E8237190C500DD5DFB /* main.swift in Sources */,
				FBBC59F6237193BB00DD5DFB /* CalculadoraControlador.swift in Sources */,
				FBBC59F22371914000DD5DFB /* CalculadoraModelo.swift in Sources */,
				FBBC59F42371920200DD5DFB /* CalculadoraVista.swift in Sources */,
			);
			runOnlyForDeploymentPostprocessing = 0;
		};
/* End PBXSourcesBuildPhase section */

/* Begin XCBuildConfiguration section */
		FBBC59E9237190C500DD5DFB /* Debug */ = {
			isa = XCBuildConfiguration;
			buildSettings = {
				ALWAYS_SEARCH_USER_PATHS = NO;
				CLANG_ANALYZER_NONNULL = YES;
				CLANG_ANALYZER_NUMBER_OBJECT_CONVERSION = YES_AGGRESSIVE;
				CLANG_CXX_LANGUAGE_STANDARD = "gnu++14";
				CLANG_CXX_LIBRARY = "libc++";
				CLANG_ENABLE_MODULES = YES;
				CLANG_ENABLE_OBJC_ARC = YES;
				CLANG_ENABLE_OBJC_WEAK = YES;
				CLANG_WARN_BLOCK_CAPTURE_AUTORELEASING = YES;
				CLANG_WARN_BOOL_CONVERSION = YES;
				CLANG_WARN_COMMA = YES;
				CLANG_WARN_CONSTANT_CONVERSION = YES;
				CLANG_WARN_DEPRECATED_OBJC_IMPLEMENTATIONS = YES;
				CLANG_WARN_DIRECT_OBJC_ISA_USAGE = YES_ERROR;
				CLANG_WARN_DOCUMENTATION_COMMENTS = YES;
				CLANG_WARN_EMPTY_BODY = YES;
				CLANG_WARN_ENUM_CONVERSION = YES;
				CLANG_WARN_INFINITE_RECURSION = YES;
				CLANG_WARN_INT_CONVERSION = YES;
				CLANG_WARN_NON_LITERAL_NULL_CONVERSION = YES;
				CLANG_WARN_OBJC_IMPLICIT_RETAIN_SELF = YES;
				CLANG_WARN_OBJC_LITERAL_CONVERSION = YES;
				CLANG_WARN_OBJC_ROOT_CLASS = YES_ERROR;
				CLANG_WARN_RANGE_LOOP_ANALYSIS = YES;
				CLANG_WARN_STRICT_PROTOTYPES = YES;
				CLANG_WARN_SUSPICIOUS_MOVE = YES;
				CLANG_WARN_UNGUARDED_AVAILABILITY = YES_AGGRESSIVE;
				CLANG_WARN_UNREACHABLE_CODE = YES;
				CLANG_WARN__DUPLICATE_METHOD_MATCH = YES;
				CODE_SIGN_IDENTITY = "-";
				COPY_PHASE_STRIP = NO;
				DEBUG_INFORMATION_FORMAT = dwarf;
				ENABLE_STRICT_OBJC_MSGSEND = YES;
				ENABLE_TESTABILITY = YES;
				GCC_C_LANGUAGE_STANDARD = gnu11;
				GCC_DYNAMIC_NO_PIC = NO;
				GCC_NO_COMMON_BLOCKS = YES;
				GCC_OPTIMIZATION_LEVEL = 0;
				GCC_PREPROCESSOR_DEFINITIONS = (
					"DEBUG=1",
					"$(inherited)",
				);
				GCC_WARN_64_TO_32_BIT_CONVERSION = YES;
				GCC_WARN_ABOUT_RETURN_TYPE = YES_ERROR;
				GCC_WARN_UNDECLARED_SELECTOR = YES;
				GCC_WARN_UNINITIALIZED_AUTOS = YES_AGGRESSIVE;
				GCC_WARN_UNUSED_FUNCTION = YES;
				GCC_WARN_UNUSED_VARIABLE = YES;
				MACOSX_DEPLOYMENT_TARGET = 10.13;
				MTL_ENABLE_DEBUG_INFO = INCLUDE_SOURCE;
				MTL_FAST_MATH = YES;
				ONLY_ACTIVE_ARCH = YES;
				SDKROOT = macosx;
				SWIFT_ACTIVE_COMPILATION_CONDITIONS = DEBUG;
				SWIFT_OPTIMIZATION_LEVEL = "-Onone";
			};
			name = Debug;
		};
		FBBC59EA237190C500DD5DFB /* Release */ = {
			isa = XCBuildConfiguration;
			buildSettings = {
				ALWAYS_SEARCH_USER_PATHS = NO;
				CLANG_ANALYZER_NONNULL = YES;
				CLANG_ANALYZER_NUMBER_OBJECT_CONVERSION = YES_AGGRESSIVE;
				CLANG_CXX_LANGUAGE_STANDARD = "gnu++14";
				CLANG_CXX_LIBRARY = "libc++";
				CLANG_ENABLE_MODULES = YES;
				CLANG_ENABLE_OBJC_ARC = YES;
				CLANG_ENABLE_OBJC_WEAK = YES;
				CLANG_WARN_BLOCK_CAPTURE_AUTORELEASING = YES;
				CLANG_WARN_BOOL_CONVERSION = YES;
				CLANG_WARN_COMMA = YES;
				CLANG_WARN_CONSTANT_CONVERSION = YES;
				CLANG_WARN_DEPRECATED_OBJC_IMPLEMENTATIONS = YES;
				CLANG_WARN_DIRECT_OBJC_ISA_USAGE = YES_ERROR;
				CLANG_WARN_DOCUMENTATION_COMMENTS = YES;
				CLANG_WARN_EMPTY_BODY = YES;
				CLANG_WARN_ENUM_CONVERSION = YES;
				CLANG_WARN_INFINITE_RECURSION = YES;
				CLANG_WARN_INT_CONVERSION = YES;
				CLANG_WARN_NON_LITERAL_NULL_CONVERSION = YES;
				CLANG_WARN_OBJC_IMPLICIT_RETAIN_SELF = YES;
				CLANG_WARN_OBJC_LITERAL_CONVERSION = YES;
				CLANG_WARN_OBJC_ROOT_CLASS = YES_ERROR;
				CLANG_WARN_RANGE_LOOP_ANALYSIS = YES;
				CLANG_WARN_STRICT_PROTOTYPES = YES;
				CLANG_WARN_SUSPICIOUS_MOVE = YES;
				CLANG_WARN_UNGUARDED_AVAILABILITY = YES_AGGRESSIVE;
				CLANG_WARN_UNREACHABLE_CODE = YES;
				CLANG_WARN__DUPLICATE_METHOD_MATCH = YES;
				CODE_SIGN_IDENTITY = "-";
				COPY_PHASE_STRIP = NO;
				DEBUG_INFORMATION_FORMAT = "dwarf-with-dsym";
				ENABLE_NS_ASSERTIONS = NO;
				ENABLE_STRICT_OBJC_MSGSEND = YES;
				GCC_C_LANGUAGE_STANDARD = gnu11;
				GCC_NO_COMMON_BLOCKS = YES;
				GCC_WARN_64_TO_32_BIT_CONVERSION = YES;
				GCC_WARN_ABOUT_RETURN_TYPE = YES_ERROR;
				GCC_WARN_UNDECLARED_SELECTOR = YES;
				GCC_WARN_UNINITIALIZED_AUTOS = YES_AGGRESSIVE;
				GCC_WARN_UNUSED_FUNCTION = YES;
				GCC_WARN_UNUSED_VARIABLE = YES;
				MACOSX_DEPLOYMENT_TARGET = 10.13;
				MTL_ENABLE_DEBUG_INFO = NO;
				MTL_FAST_MATH = YES;
				SDKROOT = macosx;
				SWIFT_COMPILATION_MODE = wholemodule;
				SWIFT_OPTIMIZATION_LEVEL = "-O";
			};
			name = Release;
		};
		FBBC59EC237190C500DD5DFB /* Debug */ = {
			isa = XCBuildConfiguration;
			buildSettings = {
				CODE_SIGN_STYLE = Automatic;
				PRODUCT_NAME = "$(TARGET_NAME)";
				SWIFT_VERSION = 4.2;
			};
			name = Debug;
		};
		FBBC59ED237190C500DD5DFB /* Release */ = {
			isa = XCBuildConfiguration;
			buildSettings = {
				CODE_SIGN_STYLE = Automatic;
				PRODUCT_NAME = "$(TARGET_NAME)";
				SWIFT_VERSION = 4.2;
			};
			name = Release;
		};
/* End XCBuildConfiguration section */

/* Begin XCConfigurationList section */
		FBBC59DF237190C500DD5DFB /* Build configuration list for PBXProject "Calculadora" */ = {
			isa = XCConfigurationList;
			buildConfigurations = (
				FBBC59E9237190C500DD5DFB /* Debug */,
				FBBC59EA237190C500DD5DFB /* Release */,
			);
			defaultConfigurationIsVisible = 0;
			defaultConfigurationName = Release;
		};
		FBBC59EB237190C500DD5DFB /* Build configuration list for PBXNativeTarget "Calculadora" */ = {
			isa = XCConfigurationList;
			buildConfigurations = (
				FBBC59EC237190C500DD5DFB /* Debug */,
				FBBC59ED237190C500DD5DFB /* Release */,
			);
			defaultConfigurationIsVisible = 0;
			defaultConfigurationName = Release;
		};
/* End XCConfigurationList section */
	};
	rootObject = FBBC59DC237190C500DD5DFB /* Project object */;
}
